<?xml version="1.0" encoding="utf-8"?>
<Project ToolsVersion="4.0" xmlns="http://schemas.microsoft.com/developer/msbuild/2003">
  <ItemGroup>
    <Filter Include="Source Files">
      <UniqueIdentifier>{4FC737F1-C7A5-4376-A066-2A32D752A2FF}</UniqueIdentifier>
      <Extensions>cpp;c;cc;cxx;def;odl;idl;hpj;bat;asm;asmx</Extensions>
    </Filter>
    <Filter Include="Header Files">
      <UniqueIdentifier>{93995380-89BD-4b04-88EB-625FBE52EBFB}</UniqueIdentifier>
      <Extensions>h;hh;hpp;hxx;hm;inl;inc;ipp;xsd</Extensions>
    </Filter>
    <Filter Include="Resource Files">
      <UniqueIdentifier>{67DA6AB6-F800-4c08-8B7A-83BB121AAD01}</UniqueIdentifier>
      <Extensions>rc;ico;cur;bmp;dlg;rc2;rct;bin;rgs;gif;jpg;jpeg;jpe;resx;tiff;tif;png;wav;mfcribbon-ms</Extensions>
    </Filter>
  </ItemGroup>
  <ItemGroup>
    <ClCompile Include="src\shader.cpp">
      <Filter>Source Files</Filter>
    </ClCompile>
    <ClCompile Include="src\renderer.cpp">
      <Filter>Source Files</Filter>
    </ClCompile>
    <ClCompile Include="src\model.cpp">
      <Filter>Source Files</Filter>
    </ClCompile>
    <ClCompile Include="src\mesh.cpp">
      <Filter>Source Files</Filter>
    </ClCompile>
    <ClCompile Include="src\camera.cpp">
      <Filter>Source Files</Filter>
    </ClCompile>
    <ClCompile Include="src\text.cpp">
      <Filter>Source Files</Filter>
    </ClCompile>
    <ClCompile Include="src\framebuffer.cpp">
      <Filter>Source Files</Filter>
    </ClCompile>
    <ClCompile Include="src\post_processing_effects.cpp">
      <Filter>Source Files</Filter>
    </ClCompile>
    <ClCompile Include="src\user_interface.cpp">
      <Filter>Source Files</Filter>
    </ClCompile>
    <ClCompile Include="src\mesh_lib.cpp">
      <Filter>Source Files</Filter>
    </ClCompile>
    <ClCompile Include="src\game_scene.cpp">
      <Filter>Source Files</Filter>
    </ClCompile>
    <ClCompile Include="src\texture.cpp">
      <Filter>Source Files</Filter>
    </ClCompile>
    <ClCompile Include="src\skybox.cpp">
      <Filter>Source Files</Filter>
    </ClCompile>
    <ClCompile Include="src\fx.cpp">
      <Filter>Source Files</Filter>
    </ClCompile>
    <ClCompile Include="src\animation_handler.cpp">
      <Filter>Source Files</Filter>
    </ClCompile>
    <ClCompile Include="src\minimap.cpp">
      <Filter>Source Files</Filter>
    </ClCompile>
    <ClCompile Include="src\leaderboard.cpp">
      <Filter>Source Files</Filter>
    </ClCompile>
    <ClCompile Include="src\build_stage_screen.cpp">
      <Filter>Source Files</Filter>
    </ClCompile>
    <ClCompile Include="src\overlays.cpp">
      <Filter>Source Files</Filter>
    </ClCompile>
    <ClCompile Include="src\light_grid.cpp">
      <Filter>Source Files</Filter>
    </ClCompile>
    <ClCompile Include="src\laser.cpp">
      <Filter>Source Files</Filter>
    </ClCompile>
  </ItemGroup>
  <ItemGroup>
    <ClInclude Include="include\shader.hpp">
      <Filter>Header Files</Filter>
    </ClInclude>
    <ClInclude Include="include\renderer.hpp">
      <Filter>Header Files</Filter>
    </ClInclude>
    <ClInclude Include="include\model.hpp">
      <Filter>Header Files</Filter>
    </ClInclude>
    <ClInclude Include="include\mesh.hpp">
      <Filter>Header Files</Filter>
    </ClInclude>
    <ClInclude Include="include\camera.hpp">
      <Filter>Header Files</Filter>
    </ClInclude>
    <ClInclude Include="include\text.hpp">
      <Filter>Header Files</Filter>
    </ClInclude>
    <ClInclude Include="include\primitives.hpp">
      <Filter>Header Files</Filter>
    </ClInclude>
    <ClInclude Include="include\lights.hpp">
      <Filter>Header Files</Filter>
    </ClInclude>
    <ClInclude Include="include\user_interface.hpp">
      <Filter>Header Files</Filter>
    </ClInclude>
    <ClInclude Include="include\helpers.hpp">
      <Filter>Header Files</Filter>
    </ClInclude>
    <ClInclude Include="include\framebuffer.hpp">
      <Filter>Header Files</Filter>
    </ClInclude>
    <ClInclude Include="include\post_processing_effects.hpp">
      <Filter>Header Files</Filter>
    </ClInclude>
    <ClInclude Include="include\mesh_lib.hpp">
      <Filter>Header Files</Filter>
    </ClInclude>
    <ClInclude Include="include\game_scene.hpp">
      <Filter>Header Files</Filter>
    </ClInclude>
    <ClInclude Include="include\texture.hpp">
      <Filter>Header Files</Filter>
    </ClInclude>
    <ClInclude Include="include\primitive_factory.hpp">
      <Filter>Header Files</Filter>
    </ClInclude>
    <ClInclude Include="include\skybox.hpp">
      <Filter>Header Files</Filter>
    </ClInclude>
    <ClInclude Include="include\fx.hpp">
      <Filter>Header Files</Filter>
    </ClInclude>
    <ClInclude Include="include\minimap.hpp">
      <Filter>Header Files</Filter>
    </ClInclude>
    <ClInclude Include="include\animation_handler.hpp">
      <Filter>Header Files</Filter>
    </ClInclude>
    <ClInclude Include="include\leaderboard.hpp">
      <Filter>Header Files</Filter>
    </ClInclude>
    <ClInclude Include="include\build_stage_screen.hpp">
      <Filter>Header Files</Filter>
    </ClInclude>
    <ClInclude Include="include\overlays.hpp">
      <Filter>Header Files</Filter>
    </ClInclude>
    <ClInclude Include="include\light_grid.hpp">
      <Filter>Header Files</Filter>
    </ClInclude>
    <ClInclude Include="include\laser.hpp">
      <Filter>Header Files</Filter>
    </ClInclude>
  </ItemGroup>
</Project>